{
  "lockfileVersion": 1,
  "configVersion": 1,
  "workspaces": {
    "": {
      "name": "server-net-fetch",
      "devDependencies": {
        "@bedrock-apis/env-types": "^1.0.0-rc.1",
        "@minecraft/server-net": "1.0.0-beta.1.26.31-stable",
        "@types/bun": "^1.3.14",
        "hono": "^4.12.29",
        "openapi-fetch": "^0.17.0",
        "tsdown": "^0.22.4",
        "typescript": "^6.0.0",
      },
    },
  },
  "packages": {
    "@bedrock-apis/env-types": ["@bedrock-apis/env-types@1.0.0-rc.1", "", {}, "sha512-cgm5SgCTMQnnbt+6zV4JbTLlO68ohbIMx0p/HKZesN9NdHrS3hVwfBme1GxyNlt1BEBLVMIn+UbVpiKISWvmAA=="],

    "@emnapi/core": ["@emnapi/core@1.11.1", "", { "dependencies": { "@emnapi/wasi-threads": "1.2.2", "tslib": "^2.4.0" } }, "sha512-RSvbQmHzdKzNsLYa/wHrbc3KN4sYLKAdPZxqiM2HATqv/SBk2/ENSHpvXGaLOMcsAyz0poEGqkmmKYG3OWiJEQ=="],

    "@emnapi/runtime": ["@emnapi/runtime@1.11.1", "", { "dependencies": { "tslib": "^2.4.0" } }, "sha512-vgj7R3y3Wgx24IQaGPA/R6YFXLHVMOZ0uVEyIQPaWs+rd1AzfEMXlAC22FYwO1XkKR6NPsq7mUandH8oIRdZFw=="],

    "@emnapi/wasi-threads": ["@emnapi/wasi-threads@1.2.2", "", { "dependencies": { "tslib": "^2.4.0" } }, "sha512-c95qOXkHdydNKhscBTebqEC1CVAZpyqOfVfBzQ1qgzyl3gfeldUjIggDbIZgDKsHLgnsM+igH7TJ/eAasaVuMA=="],

    "@minecraft/common": ["@minecraft/common@1.3.0", "", {}, "sha512-GLT8USFhvEyeTTFHZAgszbrnoT007hmXmK+aO4l+2A1up9/zwZ+4e8R8F0KcKrCWDjLEqkOJtPow0hQCcNJ++Q=="],

    "@minecraft/server": ["@minecraft/server@2.8.0", "", { "peerDependencies": { "@minecraft/common": "^1.2.0", "@minecraft/vanilla-data": ">=1.20.70" } }, "sha512-5VPlToP3IihUWrLHQJdNPSq++vPYnB+IZUVdO6kJ/VWVE29pN230f9SiCD28XU+Ujfh/EdjU3anktXG77pjWLA=="],

    "@minecraft/server-admin": ["@minecraft/server-admin@1.0.0-beta.release.1.19.50", "", {}, "sha512-RVHU4LLs0gZeTntbfcUEc+WM9DEWXbl1kK+vh02kCta8KSWWmW2aGX+vNdrJjrlyAVy3+uZgzLAb3O67g24xig=="],

    "@minecraft/server-net": ["@minecraft/server-net@1.0.0-beta.1.26.31-stable", "", { "peerDependencies": { "@minecraft/common": "^1.0.0", "@minecraft/server": "^1.17.0 || ^2.0.0", "@minecraft/server-admin": "^1.0.0-beta.1.26.31-stable" } }, "sha512-Lqk4He+9rF4m2y6lszTUwmvof7jT2JZ3KK4FWEjZ1zn9lxmA+iTsVtnnzLeCUHegzv71E1jYfiv6beALAsRVkQ=="],

    "@minecraft/vanilla-data": ["@minecraft/vanilla-data@1.26.31", "", {}, "sha512-EkaBw/FBfEw/iezLNHtdb+SvM+vKixLf3ihHCdxfDKG3o5kdPlXlpHlutlA8cOkkQ+N/xphzJDw47F7h7Yy6Yw=="],

    "@napi-rs/wasm-runtime": ["@napi-rs/wasm-runtime@1.1.6", "", { "dependencies": { "@tybys/wasm-util": "^0.10.3" }, "peerDependencies": { "@emnapi/core": "^1.7.1", "@emnapi/runtime": "^1.7.1" } }, "sha512-ZLv/JdUfkvOy9eCnnBaGfiO+XimbjebAeO+MRQqD/B+FR1tnRN0tpKSJHRbE8sFfS6aqsXZ67TQjfwfsxULVbg=="],

    "@oxc-project/types": ["@oxc-project/types@0.139.0", "", {}, "sha512-r9gHphtCs+1M7J0pw6Sn/hh/Wpa/iQrOOkrNAlVLF/gHq+/CJmHIWKKUUhdWjcD6CIa8idarspCsASiXCXvFUw=="],

    "@quansync/fs": ["@quansync/fs@1.0.0", "", { "dependencies": { "quansync": "^1.0.0" } }, "sha512-4TJ3DFtlf1L5LDMaM6CanJ/0lckGNtJcMjQ1NAV6zDmA0tEHKZtxNKin8EgPaVX1YzljbxckyT2tJrpQKAtngQ=="],

    "@rolldown/binding-android-arm64": ["@rolldown/binding-android-arm64@1.1.5", "", { "os": "android", "cpu": "arm64" }, "sha512-lZg8fqIv2v7FF237bwMgzGZEJvGL79/s5knJ/i6FmsGF4XXlzccZ4jb+TrFIxtSSxFtIpdsgrPZeMk1I9AFcyQ=="],

    "@rolldown/binding-darwin-arm64": ["@rolldown/binding-darwin-arm64@1.1.5", "", { "os": "darwin", "cpu": "arm64" }, "sha512-51Bnx9pNiMRKSUNtBfySkNJ9vMU9Hh3I1ozDd6gyPPYzaXCfnptUcEZxXGYFn+ul2dtcMUiqGR1Yai2K10uoTw=="],

    "@rolldown/binding-darwin-x64": ["@rolldown/binding-darwin-x64@1.1.5", "", { "os": "darwin", "cpu": "x64" }, "sha512-Tm+gbfC0aHu1tBA/JvKQh32S0K6YgCHkiAF4/W6xX0K0RmNuc94VeK419dJoE65R5aRxmo+noZQSWrAMF6yb6g=="],

    "@rolldown/binding-freebsd-x64": ["@rolldown/binding-freebsd-x64@1.1.5", "", { "os": "freebsd", "cpu": "x64" }, "sha512-JMzDKCCXq93YccG5gz3hvOs1oXRKAf0XYpfOS88e+wZrC8Iugj6j68867vrYZkvpDDpKn/KoKORThmchMpF6TA=="],

    "@rolldown/binding-linux-arm-gnueabihf": ["@rolldown/binding-linux-arm-gnueabihf@1.1.5", "", { "os": "linux", "cpu": "arm" }, "sha512-uML21j2K5TfPGutKxub+M+nLjZIrWjXQ5Grx4lCe/nimTj9B4L63zHpjXLl4y0L3mcm2htEQIb06oCG/szerNw=="],

    "@rolldown/binding-linux-arm64-gnu": ["@rolldown/binding-linux-arm64-gnu@1.1.5", "", { "os": "linux", "cpu": "arm64" }, "sha512-navSiuTMogvnQoZoM/v+l3ZWo50/NTwSHSzheABx/RCnmUPaKwq9qSo4Br2OYRs21+Fz8uFqITZM3H4opOB0/Q=="],

    "@rolldown/binding-linux-arm64-musl": ["@rolldown/binding-linux-arm64-musl@1.1.5", "", { "os": "linux", "cpu": "arm64" }, "sha512-lAryqH7IteztmCXQXk0etKj4wBQ7Gx5S6LjKhsgp9zb8I5bsuvU/2llH1hDQcjsFeqIsovMVN339/8pUDDBXxA=="],

    "@rolldown/binding-linux-ppc64-gnu": ["@rolldown/binding-linux-ppc64-gnu@1.1.5", "", { "os": "linux", "cpu": "ppc64" }, "sha512-fsK/sNBnxzBlL4O1JNrZakVQxPspqpED5dLtNsZS9oOKmtSpdNIzxH2kkol5HYTWJN47sE20ztMJPxfZ89qGOg=="],

    "@rolldown/binding-linux-s390x-gnu": ["@rolldown/binding-linux-s390x-gnu@1.1.5", "", { "os": "linux", "cpu": "s390x" }, "sha512-gLYb4BIadlfTOYT5gO503n8zQjXflgzpD0FcyKh0Mzx3rqCZKnHoJWV9xe1KXUJ5lx2JfcSHr/mhzS0PC/McAA=="],

    "@rolldown/binding-linux-x64-gnu": ["@rolldown/binding-linux-x64-gnu@1.1.5", "", { "os": "linux", "cpu": "x64" }, "sha512-FjcpEKUyJygHgs1o50VYNvkt5+7Le/VEdYt0AkRpkL33MnyQfwr8l5mXwMmfmTbyMPr5vJLC+8/Gd9gXnwU1QQ=="],

    "@rolldown/binding-linux-x64-musl": ["@rolldown/binding-linux-x64-musl@1.1.5", "", { "os": "linux", "cpu": "x64" }, "sha512-Me+PfPI2TMeOQk0gYWfLQZtTktrmzbr8cDboqX83XKc7UrgAi55gF+2dUkWdxd19n55Essp2yeca+O9N5rBxHg=="],

    "@rolldown/binding-openharmony-arm64": ["@rolldown/binding-openharmony-arm64@1.1.5", "", { "os": "none", "cpu": "arm64" }, "sha512-yc5WrLzXks6zCQfn9Oxr8pORKyl/pF+QjHmW/Qx3qu0oyrrNC+y2JLTU1E2rcWYAmzlnqngWXHQjy51VzW70Vw=="],

    "@rolldown/binding-wasm32-wasi": ["@rolldown/binding-wasm32-wasi@1.1.5", "", { "dependencies": { "@emnapi/core": "1.11.1", "@emnapi/runtime": "1.11.1", "@napi-rs/wasm-runtime": "^1.1.6" }, "cpu": "none" }, "sha512-VbQGPX2b4r48TAMIM2cjgluIM1HYutm4pcTEJsle7iEP7sB1dFqtPLBVbdLAZCxy1txCcPxf4QFf4v8uvltPqA=="],

    "@rolldown/binding-win32-arm64-msvc": ["@rolldown/binding-win32-arm64-msvc@1.1.5", "", { "os": "win32", "cpu": "arm64" }, "sha512-gHv82k63z4qpV5+Q1y/12KrK0ltWBukVDI8nZcbT7Tt/ZlOIVwppazneq0F93oDxTo3IgAMEDIoQh3E2n6mVsw=="],

    "@rolldown/binding-win32-x64-msvc": ["@rolldown/binding-win32-x64-msvc@1.1.5", "", { "os": "win32", "cpu": "x64" }, "sha512-tTZuDBPw85tEN5PQi1pnEBzDy0Z49HtScLAbD5t6hyeU92A95pRWaSMw1GZZi/RwgSgUIl0xrSlXIT/9QzvYSA=="],

    "@rolldown/pluginutils": ["@rolldown/pluginutils@1.0.1", "", {}, "sha512-2j9bGt5Jh8hj+vPtgzPtl72j0yRxHAyumoo6TNfAjsLB04UtpSvPbPcDcBMxz7n+9CYB0c1GxQFxYRg2jimqGw=="],

    "@tybys/wasm-util": ["@tybys/wasm-util@0.10.3", "", { "dependencies": { "tslib": "^2.4.0" } }, "sha512-F3fo1MYrRJYL3zER0OUOmkutjr1Vp23m7OsSgp7nq4SP6OqX6C/56XFIPAl5bt3zaBRjmW7SGz3u/6LwFpYcOg=="],

    "@types/bun": ["@types/bun@1.3.14", "", { "dependencies": { "bun-types": "1.3.14" } }, "sha512-h1hFqFVcvAvD9j9K7ZW7vd82aSA+rTdznZa+5bwvCwqSB1jmmfLcbIWhOLx1/+boy/xmjgCs/OMUL8hRJSmnPw=="],

    "@types/node": ["@types/node@26.0.0", "", { "dependencies": { "undici-types": "~8.3.0" } }, "sha512-vf2YFi1iY9lHGwNJMs01biZFbKJkrZR1T6/MlzjhJLPdntOHLhTrDSnSVcdtvjihi4VQNlrFRIxLsDBlQpAipA=="],

    "@yuku-codegen/binding-darwin-arm64": ["@yuku-codegen/binding-darwin-arm64@0.5.46", "", { "os": "darwin", "cpu": "arm64" }, "sha512-Kb3ULHGCN3lCfFj8L6YzSeIg1rcpXRuzbDc47KYBdK9R/8YW9HWKWfHji+WF/91QiCDb7u0VMhHgB/dPjpT2qg=="],

    "@yuku-codegen/binding-darwin-x64": ["@yuku-codegen/binding-darwin-x64@0.5.46", "", { "os": "darwin", "cpu": "x64" }, "sha512-5yJZFGJOU2ijYcD1gr7ooIlzqOTArE0YPNWEC2LlLGjqcYUpC3wPU+FVtDO1xLW60oJQlG2T54pbYsuXCsTdMA=="],

    "@yuku-codegen/binding-freebsd-x64": ["@yuku-codegen/binding-freebsd-x64@0.5.46", "", { "os": "freebsd", "cpu": "x64" }, "sha512-5K6x+Ll4qcfoU1lfDvkpK7i3r8a+bJYsE3zj8SnRoAHSu21au53E4c3XE1u8KlHo8JIiMsT6W8ZyXM3QKdSymQ=="],

    "@yuku-codegen/binding-linux-arm-gnu": ["@yuku-codegen/binding-linux-arm-gnu@0.5.46", "", { "os": "linux", "cpu": "arm" }, "sha512-biSavMngiyj1kk0BPvAAHm2y6Xw87cXzjfZtPHA0zETz0CwZLz8NLxe3K8ZroEJb1jZUCMhV6SnMR86gB5s8bA=="],

    "@yuku-codegen/binding-linux-arm-musl": ["@yuku-codegen/binding-linux-arm-musl@0.5.46", "", { "os": "linux", "cpu": "arm" }, "sha512-1Tuduchx+rt3xeWnZtLB430UYjP6mY2xhG3lw72q1YrFl9fHEvwzKaA9Uuiq3BkMhz5x5urIpfLV8XAf20Nqgw=="],

    "@yuku-codegen/binding-linux-arm64-gnu": ["@yuku-codegen/binding-linux-arm64-gnu@0.5.46", "", { "os": "linux", "cpu": "arm64" }, "sha512-++sIi/yitZHeB3Xav8P88Vh+E53Ej/959FUfPdTElV4FNAwdRsEtxoNw37mASy2gkiwOhEjIIy986FXaKrYTdg=="],

    "@yuku-codegen/binding-linux-arm64-musl": ["@yuku-codegen/binding-linux-arm64-musl@0.5.46", "", { "os": "linux", "cpu": "arm64" }, "sha512-/UMkxyjjXMX5yq6mk4Z1GdSDYWv3CMNfN2Dv7SdKwKpl6Lwp6aR+RPIiiC+oRAI5PaFrrorJIg3BloU3ss/sLQ=="],

    "@yuku-codegen/binding-linux-x64-gnu": ["@yuku-codegen/binding-linux-x64-gnu@0.5.46", "", { "os": "linux", "cpu": "x64" }, "sha512-/qtlyhxsXWGy1777IJ1RScNp2p+znbR/WJ9ZK5dZRQh0851pdJCPQALuLhEAFdQjfnT8sJPJgB61RPS9Ou6uzQ=="],

    "@yuku-codegen/binding-linux-x64-musl": ["@yuku-codegen/binding-linux-x64-musl@0.5.46", "", { "os": "linux", "cpu": "x64" }, "sha512-9PtrZqSNvsz7UZl5Nbol8TFB6VXMKAVbBdF/CPU/96qt3kFAeNTNO7O4SZERiPr4dDYzf8i9IxmDSoMywJyQHQ=="],

    "@yuku-codegen/binding-win32-arm64": ["@yuku-codegen/binding-win32-arm64@0.5.46", "", { "os": "win32", "cpu": "arm64" }, "sha512-VwW0f6z8NwpvI7DORWL9I5m2p51VF/Cz7FlemTEwMQT4DUWIvGEgqVLChty1+CVgdLros+OIIVmcgWbP1u/u2Q=="],

    "@yuku-codegen/binding-win32-x64": ["@yuku-codegen/binding-win32-x64@0.5.46", "", { "os": "win32", "cpu": "x64" }, "sha512-4l+eRLvivimYCpgODeyvaVutu7LsBxP9NexAPrTXEG+ttXNF6YcOL+ApYuC6/Jap2ojdm82t8d1wD4ExszLVrA=="],

    "@yuku-parser/binding-darwin-arm64": ["@yuku-parser/binding-darwin-arm64@0.5.46", "", { "os": "darwin", "cpu": "arm64" }, "sha512-k8ljigcfWnr+qEgJLBuayjXdTeXdAqS6yo0jITnDKE7zIoq73lmdAKvD5+g8pHXnfoGPzNA7+TH4z/MHwFHD4g=="],

    "@yuku-parser/binding-darwin-x64": ["@yuku-parser/binding-darwin-x64@0.5.46", "", { "os": "darwin", "cpu": "x64" }, "sha512-yGeFK/ac5iWtwQyXIJbyKIFS2kODKZCVUSd/uVxFYT8OiA5KvG1jgq+Ca44ezBG2WrEyc3/IM+4sLwPRkJHp3w=="],

    "@yuku-parser/binding-freebsd-x64": ["@yuku-parser/binding-freebsd-x64@0.5.46", "", { "os": "freebsd", "cpu": "x64" }, "sha512-rZ8GTjrfavwS8QzYjv6OuXGWcuHJpyGCRSzDk1nfGr0d8dmdQx6htbTl/vUY8BgkiZftsiZnNeDulKjf4m0M8A=="],

    "@yuku-parser/binding-linux-arm-gnu": ["@yuku-parser/binding-linux-arm-gnu@0.5.46", "", { "os": "linux", "cpu": "arm" }, "sha512-gttOTy0Swirw40+tA5vnmraJ2xqLrY0Hn0VjPT8AIfMwUgKjefT7pvRxI8HTeLCCYHgAaNiud1LQWnvPMgUXiA=="],

    "@yuku-parser/binding-linux-arm-musl": ["@yuku-parser/binding-linux-arm-musl@0.5.46", "", { "os": "linux", "cpu": "arm" }, "sha512-GBH7ASymEaazgC4Zo4LODpgEV4Sn3l8qQq6hTC9B7ftvfZGy8CJx0qtj0zNWH3SpOvjWjTDVVxUjRXVnHRpKDQ=="],

    "@yuku-parser/binding-linux-arm64-gnu": ["@yuku-parser/binding-linux-arm64-gnu@0.5.46", "", { "os": "linux", "cpu": "arm64" }, "sha512-TWwBKtCjny12ef5tAScFYcIyTWG69WAx7I/vTyhQto2yydmotNUwOuViUsmwVex+Ldix05n1Z7naZF/5xTlWzg=="],

    "@yuku-parser/binding-linux-arm64-musl": ["@yuku-parser/binding-linux-arm64-musl@0.5.46", "", { "os": "linux", "cpu": "arm64" }, "sha512-7VfxvUQKepU6bwG5FX6XLU3cXvw50wePuW+f8cDYOfuTEWGCrirI8NlK6afy+udofAEmjhH82GsrXupOactIfw=="],

    "@yuku-parser/binding-linux-x64-gnu": ["@yuku-parser/binding-linux-x64-gnu@0.5.46", "", { "os": "linux", "cpu": "x64" }, "sha512-r2ytt3LNpAyBP/s9kvLtPgldkyCXJGZFpteoZK40NaRo55Cfd5KFJRxdekK3mgBnm2gnQnx9qWaOniXUolj/HQ=="],

    "@yuku-parser/binding-linux-x64-musl": ["@yuku-parser/binding-linux-x64-musl@0.5.46", "", { "os": "linux", "cpu": "x64" }, "sha512-nsE+ajANECHyR09xCVHlXtbNiexSUutzrSb1fhU3JVEfVKIMfsP1LDIWh9w43FG2GRODv3lByuSl1AwnuBj0jA=="],

    "@yuku-parser/binding-win32-arm64": ["@yuku-parser/binding-win32-arm64@0.5.46", "", { "os": "win32", "cpu": "arm64" }, "sha512-/jkn8U4s649vZXxDD+UmfqSB5OM8H9wjPg545q0V0d3Lj0K4CwaUOqvStaBrmxI21NM3WU/mM6xzslFHlJ3fVA=="],

    "@yuku-parser/binding-win32-x64": ["@yuku-parser/binding-win32-x64@0.5.46", "", { "os": "win32", "cpu": "x64" }, "sha512-pZlngLHCrQT1lcQXTW/F+Vld6akOyRiaDjj8TAK9ongNRAEZawencz4X01kLOeWwJWx88Xvz7nT0iBwdY6ZkHA=="],

    "@yuku-toolchain/types": ["@yuku-toolchain/types@0.5.43", "", {}, "sha512-kSpvPntnXw5+lYjO71ffBEnQ5ycQ74KGIYknh0TS4xeyCuBkOqxyJumxZkMhLBBUCLjDAbx2+Icnr3Zh4ftjpQ=="],

    "ansis": ["ansis@4.3.1", "", {}, "sha512-BJ8/l4R5LRE7hW9WdSuGYrLSHi2ynxeFpDFbH0K/CgNeY/tyhk+vO6TYxXC5r5CpUhNVX310xzPsN/H9lCdfOA=="],

    "bun-types": ["bun-types@1.3.14", "", { "dependencies": { "@types/node": "*" } }, "sha512-4N0ig0fEomHt5R0KCFWjovxow98rIoRwKolrYdCcknNwMekCXRnWEUvgu5soYV8QXtVsrUD8B95MBOZGPvr6KQ=="],

    "cac": ["cac@7.0.0", "", {}, "sha512-tixWYgm5ZoOD+3g6UTea91eow5z6AAHaho3g0V9CNSNb45gM8SmflpAc+GRd1InC4AqN/07Unrgp56Y94N9hJQ=="],

    "defu": ["defu@6.1.7", "", {}, "sha512-7z22QmUWiQ/2d0KkdYmANbRUVABpZ9SNYyH5vx6PZ+nE5bcC0l7uFvEfHlyld/HcGBFTL536ClDt3DEcSlEJAQ=="],

    "dts-resolver": ["dts-resolver@3.0.0", "", { "peerDependencies": { "oxc-resolver": ">=11.0.0" }, "optionalPeers": ["oxc-resolver"] }, "sha512-1T1f+z+4tl9XD+m+0HBgWoL/nm0bOIffyWaUuUSBlFg/86IWvfx+wjNaO/ybU0AJzG9/Mi5hBUgGV6zCmWEN7Q=="],

    "empathic": ["empathic@2.0.1", "", {}, "sha512-YGRs8knHhKHVShLkFET/rWAU8kmHbOV5LwN938RHI0pljAJ1Gf6SzXsSmRaEzcXTtOOmVqJ5+WtQPL5uigY50Q=="],

    "fdir": ["fdir@6.5.0", "", { "peerDependencies": { "picomatch": "^3 || ^4" }, "optionalPeers": ["picomatch"] }, "sha512-tIbYtZbucOs0BRGqPJkshJUYdL+SDH7dVM8gjy+ERp3WAUjLEFJE+02kanyHtwjWOnwrKYBiwAmM0p4kLJAnXg=="],

    "get-tsconfig": ["get-tsconfig@5.0.0-beta.5", "", { "dependencies": { "resolve-pkg-maps": "^1.0.0" } }, "sha512-/6gFNr0N04nob252sTQxyFLi3eKFRqIg1I87YcqAMT1i6SQrSF6KujUEQrtrjMV0H/eejTCltLdDSTEMzHbnsQ=="],

    "hono": ["hono@4.12.29", "", {}, "sha512-1hNiRjawYrLq/4m3DQQjPGFg0VZkk4RjQJDff/excI6Dm9BiL75qxGrd7/c6YOxPdq6AscP3LiXhQ6fKFC1Waw=="],

    "hookable": ["hookable@6.1.1", "", {}, "sha512-U9LYDy1CwhMCnprUfeAZWZGByVbhd54hwepegYTK7Pi5NvqEj63ifz5z+xukznehT7i6NIZRu89Ay1AZmRsLEQ=="],

    "import-without-cache": ["import-without-cache@0.4.0", "", {}, "sha512-NkJQA7oZ4YHQhd2+H3BoRFKF3d/XNsiKpHZCQEMH9pDX27hQQLsTyOocyRgaIVtf8gHX3Nt3LPkR4e5EdtPAGQ=="],

    "obug": ["obug@2.1.3", "", {}, "sha512-9miFgM2OFba7hB+pRgvtV84pYTBaoTHohvmIgiRt6dRIzbwEOIaNaP+dIlGs2fNFoB0SeISs0Jz5WFVRid6Xyg=="],

    "openapi-fetch": ["openapi-fetch@0.17.0", "", { "dependencies": { "openapi-typescript-helpers": "^0.1.0" } }, "sha512-PsbZR1wAPcG91eEthKhN+Zn92FMHxv+/faECIwjXdxfTODGSGegYv0sc1Olz+HYPvKOuoXfp+0pA2XVt2cI0Ig=="],

    "openapi-typescript-helpers": ["openapi-typescript-helpers@0.1.0", "", {}, "sha512-OKTGPthhivLw/fHz6c3OPtg72vi86qaMlqbJuVJ23qOvQ+53uw1n7HdmkJFibloF7QEjDrDkzJiOJuockM/ljw=="],

    "picomatch": ["picomatch@4.0.5", "", {}, "sha512-RvwwcruNjI1ncT5xRakeyS9Lf8lcItv34KD+aif+VH9kduAyfYBipGh12274xtenIPZ119/R9BdTBa8gAwSh0A=="],

    "quansync": ["quansync@1.0.0", "", {}, "sha512-5xZacEEufv3HSTPQuchrvV6soaiACMFnq1H8wkVioctoH3TRha9Sz66lOxRwPK/qZj7HPiSveih9yAyh98gvqA=="],

    "resolve-pkg-maps": ["resolve-pkg-maps@1.0.0", "", {}, "sha512-seS2Tj26TBVOC2NIc2rOe2y2ZO7efxITtLZcGSOnHHNOQ7CkiUBfw0Iw2ck6xkIhPwLhKNLS8BO+hEpngQlqzw=="],

    "rolldown": ["rolldown@1.1.5", "", { "dependencies": { "@oxc-project/types": "=0.139.0", "@rolldown/pluginutils": "^1.0.0" }, "optionalDependencies": { "@rolldown/binding-android-arm64": "1.1.5", "@rolldown/binding-darwin-arm64": "1.1.5", "@rolldown/binding-darwin-x64": "1.1.5", "@rolldown/binding-freebsd-x64": "1.1.5", "@rolldown/binding-linux-arm-gnueabihf": "1.1.5", "@rolldown/binding-linux-arm64-gnu": "1.1.5", "@rolldown/binding-linux-arm64-musl": "1.1.5", "@rolldown/binding-linux-ppc64-gnu": "1.1.5", "@rolldown/binding-linux-s390x-gnu": "1.1.5", "@rolldown/binding-linux-x64-gnu": "1.1.5", "@rolldown/binding-linux-x64-musl": "1.1.5", "@rolldown/binding-openharmony-arm64": "1.1.5", "@rolldown/binding-wasm32-wasi": "1.1.5", "@rolldown/binding-win32-arm64-msvc": "1.1.5", "@rolldown/binding-win32-x64-msvc": "1.1.5" }, "bin": { "rolldown": "./bin/cli.mjs" } }, "sha512-t9z29cJjXf/vxQ8dyhCSpt6H6aSwHTk8cT5I3iy6SMXuFpk5mB6PL6XfC8PCwrPTx93udwKUm9HRteAlTGBLiA=="],

    "rolldown-plugin-dts": ["rolldown-plugin-dts@0.27.4", "", { "dependencies": { "dts-resolver": "^3.0.0", "get-tsconfig": "5.0.0-beta.5", "obug": "^2.1.3", "yuku-ast": "^0.1.7", "yuku-codegen": "^0.5.44", "yuku-parser": "^0.5.44" }, "peerDependencies": { "@ts-macro/tsc": "^0.3.6", "@typescript/native-preview": ">=7.0.0-dev.20260325.1", "rolldown": "^1.0.0", "typescript": "^5.0.0 || ^6.0.0 || ^7.0.0", "vue-tsc": "~3.2.0 || ~3.3.0" }, "optionalPeers": ["@ts-macro/tsc", "@typescript/native-preview", "typescript", "vue-tsc"] }, "sha512-z1uz1gH2sJ55i6JY/xi3q7gsI5CPthefDp5HYXnBlrkN1L3K4tx+gyAQO3Udt69ASWItWKwXJ55nKQq2HCMVfA=="],

    "semver": ["semver@7.8.5", "", { "bin": { "semver": "bin/semver.js" } }, "sha512-Y7/KDsb8LjooZpwaqGyulO6DQlksgCncchHGk+sZIY4SBvUocMBEFH5Ur1fI4dV+Jvl0w6cjvucaIi40puRioA=="],

    "tinyexec": ["tinyexec@1.2.4", "", {}, "sha512-SHf/r48b7vOrjve9PxJo3MN5v5yuyjHvdUcrQffT3WXMUfnGmHDVbC4k3sHJaJTgZCwpUplIaAo5ANtMyp3YHg=="],

    "tinyglobby": ["tinyglobby@0.2.17", "", { "dependencies": { "fdir": "^6.5.0", "picomatch": "^4.0.4" } }, "sha512-wXR/dYpcqKmfWpEdZjiKJOwCNFndD0DMnrW/cYjVGttEkBfVgcLFHoNrlj47mjOVic9yyNu65alsgF4NQyTa2g=="],

    "tree-kill": ["tree-kill@1.2.2", "", { "bin": { "tree-kill": "cli.js" } }, "sha512-L0Orpi8qGpRG//Nd+H90vFB+3iHnue1zSSGmNOOCh1GLJ7rUKVwV2HvijphGQS2UmhUZewS9VgvxYIdgr+fG1A=="],

    "tsdown": ["tsdown@0.22.4", "", { "dependencies": { "ansis": "^4.3.1", "cac": "^7.0.0", "defu": "^6.1.7", "empathic": "^2.0.1", "hookable": "^6.1.1", "import-without-cache": "^0.4.0", "obug": "^2.1.3", "picomatch": "^4.0.5", "rolldown": "~1.1.4", "rolldown-plugin-dts": "^0.27.1", "semver": "^7.8.5", "tinyexec": "^1.2.4", "tinyglobby": "^0.2.17", "tree-kill": "^1.2.2", "unconfig-core": "^7.5.0" }, "peerDependencies": { "@arethetypeswrong/core": "^0.18.1", "@tsdown/css": "0.22.4", "@tsdown/exe": "0.22.4", "@vitejs/devtools": "*", "publint": "^0.3.8", "tsx": "*", "typescript": "^5.0.0 || ^6.0.0", "unplugin-unused": "^0.5.0", "unrun": "*" }, "optionalPeers": ["@arethetypeswrong/core", "@tsdown/css", "@tsdown/exe", "@vitejs/devtools", "publint", "tsx", "typescript", "unplugin-unused", "unrun"], "bin": { "tsdown": "./dist/run.mjs" } }, "sha512-3a5FsNL2fH2jw3ozvFUuPMBgS0xXjX9wpZShHyB4klXelVhyaNw5Q5WA9TPCNeoGYpRZEc4OZdMx5wT4Fkma3A=="],

    "tslib": ["tslib@2.8.1", "", {}, "sha512-oJFu94HQb+KVduSUQL7wnpmqnfmLsOA/nAh6b6EH0wCEoK0/mPeXU6c3wKDV83MkOuHPRHtSXKKU99IBazS/2w=="],

    "typescript": ["typescript@6.0.3", "", { "bin": { "tsc": "bin/tsc", "tsserver": "bin/tsserver" } }, "sha512-y2TvuxSZPDyQakkFRPZHKFm+KKVqIisdg9/CZwm9ftvKXLP8NRWj38/ODjNbr43SsoXqNuAisEf1GdCxqWcdBw=="],

    "unconfig-core": ["unconfig-core@7.5.0", "", { "dependencies": { "@quansync/fs": "^1.0.0", "quansync": "^1.0.0" } }, "sha512-Su3FauozOGP44ZmKdHy2oE6LPjk51M/TRRjHv2HNCWiDvfvCoxC2lno6jevMA91MYAdCdwP05QnWdWpSbncX/w=="],

    "undici-types": ["undici-types@8.3.0", "", {}, "sha512-j375ScV60dom+YkPFIfTLcOiPxkN/buHz5GobjLhixFuANaNs3C9l4GmrWqejgXWJ7BbJcFYpTEUkS1Ge8bpZQ=="],

    "yuku-ast": ["yuku-ast@0.1.7", "", { "dependencies": { "@yuku-toolchain/types": "0.5.43" } }, "sha512-2RiMEWv500TixY5rJy6OZd4fSy9WYZKWh6gGbIJ7y7vAGcuCugWOWwOLGaQcRZrXcPUfqtLtvpaJ3SdXtWlhKA=="],

    "yuku-codegen": ["yuku-codegen@0.5.46", "", { "dependencies": { "@yuku-toolchain/types": "0.5.43" }, "optionalDependencies": { "@yuku-codegen/binding-darwin-arm64": "0.5.46", "@yuku-codegen/binding-darwin-x64": "0.5.46", "@yuku-codegen/binding-freebsd-x64": "0.5.46", "@yuku-codegen/binding-linux-arm-gnu": "0.5.46", "@yuku-codegen/binding-linux-arm-musl": "0.5.46", "@yuku-codegen/binding-linux-arm64-gnu": "0.5.46", "@yuku-codegen/binding-linux-arm64-musl": "0.5.46", "@yuku-codegen/binding-linux-x64-gnu": "0.5.46", "@yuku-codegen/binding-linux-x64-musl": "0.5.46", "@yuku-codegen/binding-win32-arm64": "0.5.46", "@yuku-codegen/binding-win32-x64": "0.5.46" } }, "sha512-2qFouFH7ag332HJhqLd3/QGqGQtSIjnTU1/5Y4BTvRWMwR252rezKBtEBHq/s+rwLc7uKoLvbm2BzQzzsJghTQ=="],

    "yuku-parser": ["yuku-parser@0.5.46", "", { "dependencies": { "@yuku-toolchain/types": "0.5.43" }, "optionalDependencies": { "@yuku-parser/binding-darwin-arm64": "0.5.46", "@yuku-parser/binding-darwin-x64": "0.5.46", "@yuku-parser/binding-freebsd-x64": "0.5.46", "@yuku-parser/binding-linux-arm-gnu": "0.5.46", "@yuku-parser/binding-linux-arm-musl": "0.5.46", "@yuku-parser/binding-linux-arm64-gnu": "0.5.46", "@yuku-parser/binding-linux-arm64-musl": "0.5.46", "@yuku-parser/binding-linux-x64-gnu": "0.5.46", "@yuku-parser/binding-linux-x64-musl": "0.5.46", "@yuku-parser/binding-win32-arm64": "0.5.46", "@yuku-parser/binding-win32-x64": "0.5.46" } }, "sha512-eMNzX5eYnkqo6zNYf2H8WHcMPHfIf7ijmw0X8NYZ1ANXAU5Y9rwTB9MgfCuvLxlR7fV/96v3gWa8y/YUGFLxjw=="],

    "tinyglobby/picomatch": ["picomatch@4.0.4", "", {}, "sha512-QP88BAKvMam/3NxH6vj2o21R6MjxZUAd6nlwAS/pnGvN9IVLocLHxGYIzFhg6fUQ+5th6P4dv4eW9jX3DSIj7A=="],
  }
}
